
Microsoft Visual Studio Solution File, Format Version 12.00
# Visual Studio Version 16
VisualStudioVersion = 16.0.30011.22
MinimumVisualStudioVersion = 10.0.40219.1
Project("{FAE04EC0-301F-11D3-BF4B-00C04F79EFBC}") = "oop_lab5-6_part_II", "oop_lab5-6_part_II\oop_lab5-6_part_II.csproj", "{DDA45239-D427-4576-B108-51CCCBFDE5B6}"
EndProject
Global
	GlobalSection(SolutionConfigurationPlatforms) = preSolution
		Debug|Any CPU = Debug|Any CPU
		Release|Any CPU = Release|Any CPU
	EndGlobalSection
	GlobalSection(ProjectConfigurationPlatforms) = postSolution
		{DDA45239-D427-4576-B108-51CCCBFDE5B6}.Debug|Any CPU.ActiveCfg = Debug|Any CPU
		{DDA45239-D427-4576-B108-51CCCBFDE5B6}.Debug|Any CPU.Build.0 = Debug|Any CPU
		{DDA45239-D427-4576-B108-51CCCBFDE5B6}.Release|Any CPU.ActiveCfg = Release|Any CPU
		{DDA45239-D427-4576-B108-51CCCBFDE5B6}.Release|Any CPU.Build.0 = Release|Any CPU
	EndGlobalSection
	GlobalSection(SolutionProperties) = preSolution
		HideSolutionNode = FALSE
	EndGlobalSection
	GlobalSection(ExtensibilityGlobals) = postSolution
		SolutionGuid = {9E7D16A8-71D0-4B40-B9F7-5BFA80DBA99A}
	EndGlobalSection
EndGlobal
