
Microsoft Visual Studio Solution File, Format Version 12.00
# Visual Studio Version 16
VisualStudioVersion = 16.0.30011.22
MinimumVisualStudioVersion = 10.0.40219.1
Project("{FAE04EC0-301F-11D3-BF4B-00C04F79EFBC}") = "oop_lab6", "oop_lab6\oop_lab6.csproj", "{126F7C4D-9806-4AF9-B7CF-90F5583A725C}"
EndProject
Global
	GlobalSection(SolutionConfigurationPlatforms) = preSolution
		Debug|Any CPU = Debug|Any CPU
		Release|Any CPU = Release|Any CPU
	EndGlobalSection
	GlobalSection(ProjectConfigurationPlatforms) = postSolution
		{126F7C4D-9806-4AF9-B7CF-90F5583A725C}.Debug|Any CPU.ActiveCfg = Debug|Any CPU
		{126F7C4D-9806-4AF9-B7CF-90F5583A725C}.Debug|Any CPU.Build.0 = Debug|Any CPU
		{126F7C4D-9806-4AF9-B7CF-90F5583A725C}.Release|Any CPU.ActiveCfg = Release|Any CPU
		{126F7C4D-9806-4AF9-B7CF-90F5583A725C}.Release|Any CPU.Build.0 = Release|Any CPU
	EndGlobalSection
	GlobalSection(SolutionProperties) = preSolution
		HideSolutionNode = FALSE
	EndGlobalSection
	GlobalSection(ExtensibilityGlobals) = postSolution
		SolutionGuid = {BA5BCF35-C163-4C85-89E9-FE098D6BD2E7}
	EndGlobalSection
EndGlobal
